
Microsoft Visual Studio Solution File, Format Version 12.00
# Visual Studio 15
VisualStudioVersion = 15.0.25618.0
MinimumVisualStudioVersion = 10.0.40219.1
Project("{FAE04EC0-301F-11D3-BF4B-00C04F79EFBC}") = "LittleBitPass", "LittleBitPass\LittleBitPass.csproj", "{F1C8E557-26AD-469C-89E9-64CA69543C94}"
EndProject
Project("{FAE04EC0-301F-11D3-BF4B-00C04F79EFBC}") = "LittleBitPass.Tests", "LittleBitPass.Tests\LittleBitPass.Tests.csproj", "{7BEC7DB5-BB7D-4369-84F0-20F129C2EA78}"
EndProject
Global
	GlobalSection(SolutionConfigurationPlatforms) = preSolution
		Debug|Any CPU = Debug|Any CPU
		Release|Any CPU = Release|Any CPU
	EndGlobalSection
	GlobalSection(ProjectConfigurationPlatforms) = postSolution
		{F1C8E557-26AD-469C-89E9-64CA69543C94}.Debug|Any CPU.ActiveCfg = Debug|Any CPU
		{F1C8E557-26AD-469C-89E9-64CA69543C94}.Debug|Any CPU.Build.0 = Debug|Any CPU
		{F1C8E557-26AD-469C-89E9-64CA69543C94}.Release|Any CPU.ActiveCfg = Release|Any CPU
		{F1C8E557-26AD-469C-89E9-64CA69543C94}.Release|Any CPU.Build.0 = Release|Any CPU
		{7BEC7DB5-BB7D-4369-84F0-20F129C2EA78}.Debug|Any CPU.ActiveCfg = Debug|Any CPU
		{7BEC7DB5-BB7D-4369-84F0-20F129C2EA78}.Debug|Any CPU.Build.0 = Debug|Any CPU
		{7BEC7DB5-BB7D-4369-84F0-20F129C2EA78}.Release|Any CPU.ActiveCfg = Release|Any CPU
		{7BEC7DB5-BB7D-4369-84F0-20F129C2EA78}.Release|Any CPU.Build.0 = Release|Any CPU
	EndGlobalSection
	GlobalSection(SolutionProperties) = preSolution
		HideSolutionNode = FALSE
	EndGlobalSection
EndGlobal
